
Microsoft Visual Studio Solution File, Format Version 12.00
# Visual Studio Version 17
VisualStudioVersion = 17.14.36930.0
MinimumVisualStudioVersion = 10.0.40219.1
Project("{FAE04EC0-301F-11D3-BF4B-00C04F79EFBC}") = "Core", "Core\Core.csproj", "{CC04FE0B-D6D3-49EA-B30A-8A3C4AAB1D8F}"
EndProject
Project("{FAE04EC0-301F-11D3-BF4B-00C04F79EFBC}") = "ConsoleUI", "ConsoleUI\ConsoleUI.csproj", "{5E725D8C-9E6A-4231-BAFC-2FCFFF9B7305}"
EndProject
Project("{FAE04EC0-301F-11D3-BF4B-00C04F79EFBC}") = "RecipeApp", "RecipeApp\RecipeApp.csproj", "{6C05A98A-05B9-430F-AB24-4A42E2EC058A}"
EndProject
Global
	GlobalSection(SolutionConfigurationPlatforms) = preSolution
		Debug|Any CPU = Debug|Any CPU
		Release|Any CPU = Release|Any CPU
	EndGlobalSection
	GlobalSection(ProjectConfigurationPlatforms) = postSolution
		{CC04FE0B-D6D3-49EA-B30A-8A3C4AAB1D8F}.Debug|Any CPU.ActiveCfg = Debug|Any CPU
		{CC04FE0B-D6D3-49EA-B30A-8A3C4AAB1D8F}.Debug|Any CPU.Build.0 = Debug|Any CPU
		{CC04FE0B-D6D3-49EA-B30A-8A3C4AAB1D8F}.Release|Any CPU.ActiveCfg = Release|Any CPU
		{CC04FE0B-D6D3-49EA-B30A-8A3C4AAB1D8F}.Release|Any CPU.Build.0 = Release|Any CPU
		{5E725D8C-9E6A-4231-BAFC-2FCFFF9B7305}.Debug|Any CPU.ActiveCfg = Debug|Any CPU
		{5E725D8C-9E6A-4231-BAFC-2FCFFF9B7305}.Debug|Any CPU.Build.0 = Debug|Any CPU
		{5E725D8C-9E6A-4231-BAFC-2FCFFF9B7305}.Release|Any CPU.ActiveCfg = Release|Any CPU
		{5E725D8C-9E6A-4231-BAFC-2FCFFF9B7305}.Release|Any CPU.Build.0 = Release|Any CPU
		{6C05A98A-05B9-430F-AB24-4A42E2EC058A}.Debug|Any CPU.ActiveCfg = Debug|Any CPU
		{6C05A98A-05B9-430F-AB24-4A42E2EC058A}.Debug|Any CPU.Build.0 = Debug|Any CPU
		{6C05A98A-05B9-430F-AB24-4A42E2EC058A}.Release|Any CPU.ActiveCfg = Release|Any CPU
		{6C05A98A-05B9-430F-AB24-4A42E2EC058A}.Release|Any CPU.Build.0 = Release|Any CPU
	EndGlobalSection
	GlobalSection(SolutionProperties) = preSolution
		HideSolutionNode = FALSE
	EndGlobalSection
	GlobalSection(ExtensibilityGlobals) = postSolution
		SolutionGuid = {A3999808-18AC-448F-A34B-4CF2A1FFF9EC}
	EndGlobalSection
EndGlobal
